{
  "name": "substance-voxel-flowers",
  "version": "1.0.0",
  "lockfileVersion": 3,
  "requires": true,
  "packages": {
    "": {
      "name": "substance-voxel-flowers",
      "version": "1.0.0",
      "dependencies": {
        "cannon-es": "^0.20.0",
        "chroma-js": "^2.4.2",
        "dat.gui": "^0.7.9",
        "express": "^4.18.2",
        "simplex-noise": "^4.0.1",
        "three": "^0.160.0",
        "vite": "^5.0.0",
        "ws": "^8.14.2"
      },
      "devDependencies": {
        "@types/three": "^0.160.0"
      }
    },
    "node_modules/cannon-es": {
      "version": "0.20.0",
      "resolved": "https://registry.npmjs.org/cannon-es/-/cannon-es-0.20.0.tgz",
      "integrity": "sha512-JEldoAJGvbUW7+p6yAEzjL6v8tvJW8VGhm8kv2gLYO1RxGfYoOGO0nXE9IQZCueFu8QdWE9s4CqZW+GRw6LGg=="
    },
    "node_modules/chroma-js": {
      "version": "2.4.2",
      "resolved": "https://registry.npmjs.org/chroma-js/-/chroma-js-2.4.2.tgz",
      "integrity": "sha512-U9ByoOlRlHnqqs4TuIy9B6fgP4LvVDCb0FoHqUVViTx7kJ/nWqB5Pj6PuLy1e5WKoLjGgAVNkxsKEE5yOwxSQ=="
    },
    "node_modules/dat.gui": {
      "version": "0.7.9",
      "resolved": "https://registry.npmjs.org/dat.gui/-/dat.gui-0.7.9.tgz",
      "integrity": "sha512-sCNc1OHobc+Erc1HqiswYgHdVNpSJUlk/Hz8vzOCsER7rl+oF/4+v8GXFUyCgtXpoCX6+bnmg07DedLvBLwYKQ=="
    },
    "node_modules/express": {
      "version": "4.18.2",
      "resolved": "https://registry.npmjs.org/express/-/express-4.18.2.tgz",
      "integrity": "sha512-5/PsL6iGPdfQ/lKM1UuielYgv3BUoJfz1aUwU9vHZ+J7gyvwdQXFEBIEIaxeGf0GIcreATNyBExtalisDbuMqQ=="
    },
    "node_modules/simplex-noise": {
      "version": "4.0.1",
      "resolved": "https://registry.npmjs.org/simplex-noise/-/simplex-noise-4.0.1.tgz",
      "integrity": "sha512-OjyDWm/QZjVbMrPxDVi9b2as+SeNn9EBXlrWVRlFW+TSyWMSXouDryXkQN0u1RaXnFhiJECrPV9+jvhUFhJGQ=="
    },
    "node_modules/three": {
      "version": "0.160.0",
      "resolved": "https://registry.npmjs.org/three/-/three-0.160.0.tgz",
      "integrity": "sha512-FdnP9k5ew6+M5dDMNsAm4GD0QkWcQhVhCBfDvH7PD4Q+cYLNuPOLwFxTwEG7d7vmHhzC5WkuwzFd/bEEkuVfJg=="
    },
    "node_modules/vite": {
      "version": "5.0.12",
      "resolved": "https://registry.npmjs.org/vite/-/vite-5.0.12.tgz",
      "integrity": "sha512-4hsnEkG3q0N4Tzf1+t6NdN9dg/L3BM+q8SWgbSPnJvrgH2kgdyzfVJwbR1ic69/4uMJJ/3dqDZZE5/WwqW8U1w=="
    },
    "node_modules/ws": {
      "version": "8.14.2",
      "resolved": "https://registry.npmjs.org/ws/-/ws-8.14.2.tgz",
      "integrity": "sha512-wEBG1ftX4jcglPxgFCMJmZ2PLtSbJ2Peg6TmpJFTbe9GZYOQCDPdMYu/Tm0/bGZkw8paZnJY45J4K2PZrLYq8g=="
    },
    "node_modules/@types/three": {
      "version": "0.160.0",
      "resolved": "https://registry.npmjs.org/@types/three/-/three-0.160.0.tgz",
      "integrity": "sha512-rFOfjAG1aMqL+S1+YGZGe7qr7jbOCPpk7/VGiYQ4jHuGJV4dQBVTdWtUHvqNJIdZ3o6MhEEgHOmLJuJAuASXEA==",
      "dev": true
    }
  }
}